<?xml version="1.0" encoding="utf-8"?>
<Project ToolsVersion="4.0" xmlns="http://schemas.microsoft.com/developer/msbuild/2003">
  <ItemGroup>
    <Filter Include="Source Files">
      <UniqueIdentifier>{4FC737F1-C7A5-4376-A066-2A32D752A2FF}</UniqueIdentifier>
      <Extensions>cpp;c;cc;cxx;def;odl;idl;hpj;bat;asm;asmx</Extensions>
    </Filter>
    <Filter Include="Header Files">
      <UniqueIdentifier>{93995380-89BD-4b04-88EB-625FBE52EBFB}</UniqueIdentifier>
      <Extensions>h;hh;hpp;hxx;hm;inl;inc;ipp;xsd</Extensions>
    </Filter>
    <Filter Include="Resource Files">
      <UniqueIdentifier>{67DA6AB6-F800-4c08-8B7A-83BB121AAD01}</UniqueIdentifier>
      <Extensions>rc;ico;cur;bmp;dlg;rc2;rct;bin;rgs;gif;jpg;jpeg;jpe;resx;tiff;tif;png;wav;mfcribbon-ms</Extensions>
    </Filter>
    <Filter Include="Header Files\find">
      <UniqueIdentifier>{7167d374-bb6f-43c3-997d-5f1ab589f9e6}</UniqueIdentifier>
    </Filter>
    <Filter Include="Header Files\insert">
      <UniqueIdentifier>{c2449b8f-fbf1-4200-9598-58cf4cc21725}</UniqueIdentifier>
    </Filter>
    <Filter Include="Header Files\list">
      <UniqueIdentifier>{7f182f5b-74b7-463a-80c9-748ab090569b}</UniqueIdentifier>
    </Filter>
    <Filter Include="Header Files\node">
      <UniqueIdentifier>{73b992ed-5aed-4550-ba61-502f7a827a9d}</UniqueIdentifier>
    </Filter>
    <Filter Include="Header Files\basis_">
      <UniqueIdentifier>{428c8cb0-cf78-4868-b3b5-03d4f916bf89}</UniqueIdentifier>
    </Filter>
    <Filter Include="Header Files\sort">
      <UniqueIdentifier>{138ca148-2e69-4fbc-934e-ffac742555c5}</UniqueIdentifier>
    </Filter>
  </ItemGroup>
  <ItemGroup>
    <ClInclude Include="list_initialize.h">
      <Filter>Header Files\basis_</Filter>
    </ClInclude>
    <ClInclude Include="list_bracket.h">
      <Filter>Header Files\basis_</Filter>
    </ClInclude>
    <ClInclude Include="list_find.h">
      <Filter>Header Files\find</Filter>
    </ClInclude>
    <ClInclude Include="ListNode.h">
      <Filter>Header Files\node</Filter>
    </ClInclude>
    <ClInclude Include="List.h">
      <Filter>Header Files\list</Filter>
    </ClInclude>
    <ClInclude Include="list_insert.h">
      <Filter>Header Files\insert</Filter>
    </ClInclude>
    <ClInclude Include="listnode_implementation.h">
      <Filter>Header Files\node</Filter>
    </ClInclude>
    <ClInclude Include="list_copynodes.h">
      <Filter>Header Files\basis_</Filter>
    </ClInclude>
    <ClInclude Include="list_constructor_by_copying.h">
      <Filter>Header Files\basis_</Filter>
    </ClInclude>
    <ClInclude Include="list_remove.h">
      <Filter>Header Files\basis_</Filter>
    </ClInclude>
    <ClInclude Include="list_destructor.h">
      <Filter>Header Files\basis_</Filter>
    </ClInclude>
    <ClInclude Include="list_deduplicate.h">
      <Filter>Header Files\basis_</Filter>
    </ClInclude>
    <ClInclude Include="list_traverse.h">
      <Filter>Header Files\basis_</Filter>
    </ClInclude>
  </ItemGroup>
  <ItemGroup>
    <ClCompile Include="Source.cpp">
      <Filter>Source Files</Filter>
    </ClCompile>
    <ClCompile Include="notes.cpp">
      <Filter>Resource Files</Filter>
    </ClCompile>
  </ItemGroup>
</Project>